
Microsoft Visual Studio Solution File, Format Version 12.00
# Visual Studio Version 17
VisualStudioVersion = 17.4.33213.308
MinimumVisualStudioVersion = 10.0.40219.1
Project("{9A19103F-16F7-4668-BE54-9A1E7A4F7556}") = "HardwareShop.Domain", "HardwareShop.Domain\HardwareShop.Domain.csproj", "{E0DD4D33-C26C-4FFA-916F-3949C88F749B}"
EndProject
Project("{9A19103F-16F7-4668-BE54-9A1E7A4F7556}") = "HardwareShop.Application", "HardwareShop.Application\HardwareShop.Application.csproj", "{B4C8E41B-16A3-4467-9951-931DE9C627F4}"
EndProject
Project("{9A19103F-16F7-4668-BE54-9A1E7A4F7556}") = "HardwareShop.Core", "HardwareShop.Core\HardwareShop.Core.csproj", "{9575E4F6-213C-417B-B554-21471A210C4E}"
EndProject
Project("{9A19103F-16F7-4668-BE54-9A1E7A4F7556}") = "HardwareShop.WebApi", "HardwareShop.WebApi\HardwareShop.WebApi.csproj", "{47F5D37D-1D9A-4AA0-9845-CEDD8BD566D3}"
	ProjectSection(ProjectDependencies) = postProject
		{9575E4F6-213C-417B-B554-21471A210C4E} = {9575E4F6-213C-417B-B554-21471A210C4E}
		{B4C8E41B-16A3-4467-9951-931DE9C627F4} = {B4C8E41B-16A3-4467-9951-931DE9C627F4}
		{E0DD4D33-C26C-4FFA-916F-3949C88F749B} = {E0DD4D33-C26C-4FFA-916F-3949C88F749B}
		{EB5AFD04-35CE-4A2A-B13F-B4B6C4A6C020} = {EB5AFD04-35CE-4A2A-B13F-B4B6C4A6C020}
	EndProjectSection
EndProject
Project("{9A19103F-16F7-4668-BE54-9A1E7A4F7556}") = "HardwareShop.UnitTests", "HardwareShop.UnitTests\HardwareShop.UnitTests.csproj", "{8444AE81-A95D-433F-89F0-33DCFFCEE17D}"
EndProject
Project("{9A19103F-16F7-4668-BE54-9A1E7A4F7556}") = "HardwareShop.SocketClient", "HardwareShop.SocketClient\HardwareShop.SocketClient.csproj", "{1E71FE91-CE1D-48C3-89EA-36A4EB1A5E2C}"
EndProject
Project("{FAE04EC0-301F-11D3-BF4B-00C04F79EFBC}") = "HardwareShop.Infrastructure", "HardwareShop.Infrastructure\HardwareShop.Infrastructure.csproj", "{EB5AFD04-35CE-4A2A-B13F-B4B6C4A6C020}"
	ProjectSection(ProjectDependencies) = postProject
		{B4C8E41B-16A3-4467-9951-931DE9C627F4} = {B4C8E41B-16A3-4467-9951-931DE9C627F4}
	EndProjectSection
EndProject
Project("{FAE04EC0-301F-11D3-BF4B-00C04F79EFBC}") = "HardwareShop.KafkaConsumer", "HardwareShop.KafkaConsumer\HardwareShop.KafkaConsumer.csproj", "{840F9D2B-0F86-6919-E48F-3EACD3767FB6}"
EndProject
Global
	GlobalSection(SolutionConfigurationPlatforms) = preSolution
		Debug|Any CPU = Debug|Any CPU
		Release|Any CPU = Release|Any CPU
	EndGlobalSection
	GlobalSection(ProjectConfigurationPlatforms) = postSolution
		{E0DD4D33-C26C-4FFA-916F-3949C88F749B}.Debug|Any CPU.ActiveCfg = Debug|Any CPU
		{E0DD4D33-C26C-4FFA-916F-3949C88F749B}.Debug|Any CPU.Build.0 = Debug|Any CPU
		{E0DD4D33-C26C-4FFA-916F-3949C88F749B}.Release|Any CPU.ActiveCfg = Release|Any CPU
		{E0DD4D33-C26C-4FFA-916F-3949C88F749B}.Release|Any CPU.Build.0 = Release|Any CPU
		{B4C8E41B-16A3-4467-9951-931DE9C627F4}.Debug|Any CPU.ActiveCfg = Debug|Any CPU
		{B4C8E41B-16A3-4467-9951-931DE9C627F4}.Debug|Any CPU.Build.0 = Debug|Any CPU
		{B4C8E41B-16A3-4467-9951-931DE9C627F4}.Release|Any CPU.ActiveCfg = Release|Any CPU
		{B4C8E41B-16A3-4467-9951-931DE9C627F4}.Release|Any CPU.Build.0 = Release|Any CPU
		{9575E4F6-213C-417B-B554-21471A210C4E}.Debug|Any CPU.ActiveCfg = Debug|Any CPU
		{9575E4F6-213C-417B-B554-21471A210C4E}.Debug|Any CPU.Build.0 = Debug|Any CPU
		{9575E4F6-213C-417B-B554-21471A210C4E}.Release|Any CPU.ActiveCfg = Release|Any CPU
		{9575E4F6-213C-417B-B554-21471A210C4E}.Release|Any CPU.Build.0 = Release|Any CPU
		{47F5D37D-1D9A-4AA0-9845-CEDD8BD566D3}.Debug|Any CPU.ActiveCfg = Debug|Any CPU
		{47F5D37D-1D9A-4AA0-9845-CEDD8BD566D3}.Debug|Any CPU.Build.0 = Debug|Any CPU
		{47F5D37D-1D9A-4AA0-9845-CEDD8BD566D3}.Release|Any CPU.ActiveCfg = Release|Any CPU
		{47F5D37D-1D9A-4AA0-9845-CEDD8BD566D3}.Release|Any CPU.Build.0 = Release|Any CPU
		{8444AE81-A95D-433F-89F0-33DCFFCEE17D}.Debug|Any CPU.ActiveCfg = Debug|Any CPU
		{8444AE81-A95D-433F-89F0-33DCFFCEE17D}.Debug|Any CPU.Build.0 = Debug|Any CPU
		{8444AE81-A95D-433F-89F0-33DCFFCEE17D}.Release|Any CPU.ActiveCfg = Release|Any CPU
		{8444AE81-A95D-433F-89F0-33DCFFCEE17D}.Release|Any CPU.Build.0 = Release|Any CPU
		{1E71FE91-CE1D-48C3-89EA-36A4EB1A5E2C}.Debug|Any CPU.ActiveCfg = Debug|Any CPU
		{1E71FE91-CE1D-48C3-89EA-36A4EB1A5E2C}.Debug|Any CPU.Build.0 = Debug|Any CPU
		{1E71FE91-CE1D-48C3-89EA-36A4EB1A5E2C}.Release|Any CPU.ActiveCfg = Release|Any CPU
		{1E71FE91-CE1D-48C3-89EA-36A4EB1A5E2C}.Release|Any CPU.Build.0 = Release|Any CPU
		{EB5AFD04-35CE-4A2A-B13F-B4B6C4A6C020}.Debug|Any CPU.ActiveCfg = Debug|Any CPU
		{EB5AFD04-35CE-4A2A-B13F-B4B6C4A6C020}.Debug|Any CPU.Build.0 = Debug|Any CPU
		{EB5AFD04-35CE-4A2A-B13F-B4B6C4A6C020}.Release|Any CPU.ActiveCfg = Release|Any CPU
		{EB5AFD04-35CE-4A2A-B13F-B4B6C4A6C020}.Release|Any CPU.Build.0 = Release|Any CPU
		{840F9D2B-0F86-6919-E48F-3EACD3767FB6}.Debug|Any CPU.ActiveCfg = Debug|Any CPU
		{840F9D2B-0F86-6919-E48F-3EACD3767FB6}.Debug|Any CPU.Build.0 = Debug|Any CPU
		{840F9D2B-0F86-6919-E48F-3EACD3767FB6}.Release|Any CPU.ActiveCfg = Release|Any CPU
		{840F9D2B-0F86-6919-E48F-3EACD3767FB6}.Release|Any CPU.Build.0 = Release|Any CPU
	EndGlobalSection
	GlobalSection(SolutionProperties) = preSolution
		HideSolutionNode = FALSE
	EndGlobalSection
	GlobalSection(ExtensibilityGlobals) = postSolution
		SolutionGuid = {B4836F97-24B8-4A76-9E55-14D57960F750}
	EndGlobalSection
EndGlobal
